// !$*UTF8*$!
{
	archiveVersion = 1;
	classes = {
	};
	objectVersion = 50;
	objects = {

/* Begin PBXBuildFile section */
		B62B83AC260E4177009471F6 /* AppDelegate.swift in Sources */ = {isa = PBXBuildFile; fileRef = B62B83AB260E4177009471F6 /* AppDelegate.swift */; };
		B62B83AE260E4177009471F6 /* SceneDelegate.swift in Sources */ = {isa = PBXBuildFile; fileRef = B62B83AD260E4177009471F6 /* SceneDelegate.swift */; };
		B62B83B0260E4177009471F6 /* ViewController.swift in Sources */ = {isa = PBXBuildFile; fileRef = B62B83AF260E4177009471F6 /* ViewController.swift */; };
		B62B83B3260E4177009471F6 /* Main.storyboard in Resources */ = {isa = PBXBuildFile; fileRef = B62B83B1260E4177009471F6 /* Main.storyboard */; };
		B62B83B5260E4178009471F6 /* Assets.xcassets in Resources */ = {isa = PBXBuildFile; fileRef = B62B83B4260E4178009471F6 /* Assets.xcassets */; };
		B62B83B8260E4178009471F6 /* LaunchScreen.storyboard in Resources */ = {isa = PBXBuildFile; fileRef = B62B83B6260E4178009471F6 /* LaunchScreen.storyboard */; };
		B62B83C1260E4185009471F6 /* Inceptionv3.mlmodel in Sources */ = {isa = PBXBuildFile; fileRef = B62B83C0260E4185009471F6 /* Inceptionv3.mlmodel */; };
		B62B83C4260E4AC2009471F6 /* LogoIdentifier 1.mlmodel in Sources */ = {isa = PBXBuildFile; fileRef = B62B83C3260E4AC2009471F6 /* LogoIdentifier 1.mlmodel */; };
		BFBA882B260E718E004DAA52 /* Screen2.swift in Sources */ = {isa = PBXBuildFile; fileRef = BFBA882A260E718E004DAA52 /* Screen2.swift */; };
/* End PBXBuildFile section */

/* Begin PBXFileReference section */
		B62B83A8260E4177009471F6 /* LogoPalette.app */ = {isa = PBXFileReference; explicitFileType = wrapper.application; includeInIndex = 0; path = LogoPalette.app; sourceTree = BUILT_PRODUCTS_DIR; };
		B62B83AB260E4177009471F6 /* AppDelegate.swift */ = {isa = PBXFileReference; lastKnownFileType = sourcecode.swift; path = AppDelegate.swift; sourceTree = "<group>"; };
		B62B83AD260E4177009471F6 /* SceneDelegate.swift */ = {isa = PBXFileReference; lastKnownFileType = sourcecode.swift; path = SceneDelegate.swift; sourceTree = "<group>"; };
		B62B83AF260E4177009471F6 /* ViewController.swift */ = {isa = PBXFileReference; lastKnownFileType = sourcecode.swift; path = ViewController.swift; sourceTree = "<group>"; };
		B62B83B2260E4177009471F6 /* Base */ = {isa = PBXFileReference; lastKnownFileType = file.storyboard; name = Base; path = Base.lproj/Main.storyboard; sourceTree = "<group>"; };
		B62B83B4260E4178009471F6 /* Assets.xcassets */ = {isa = PBXFileReference; lastKnownFileType = folder.assetcatalog; path = Assets.xcassets; sourceTree = "<group>"; };
		B62B83B7260E4178009471F6 /* Base */ = {isa = PBXFileReference; lastKnownFileType = file.storyboard; name = Base; path = Base.lproj/LaunchScreen.storyboard; sourceTree = "<group>"; };
		B62B83B9260E4178009471F6 /* Info.plist */ = {isa = PBXFileReference; lastKnownFileType = text.plist.xml; path = Info.plist; sourceTree = "<group>"; };
		B62B83C0260E4185009471F6 /* Inceptionv3.mlmodel */ = {isa = PBXFileReference; lastKnownFileType = file.mlmodel; path = Inceptionv3.mlmodel; sourceTree = "<group>"; };
		B62B83C3260E4AC2009471F6 /* LogoIdentifier 1.mlmodel */ = {isa = PBXFileReference; lastKnownFileType = file.mlmodel; path = "LogoIdentifier 1.mlmodel"; sourceTree = "<group>"; };
		BFBA882A260E718E004DAA52 /* Screen2.swift */ = {isa = PBXFileReference; lastKnownFileType = sourcecode.swift; path = Screen2.swift; sourceTree = "<group>"; };
/* End PBXFileReference section */

/* Begin PBXFrameworksBuildPhase section */
		B62B83A5260E4177009471F6 /* Frameworks */ = {
			isa = PBXFrameworksBuildPhase;
			buildActionMask = 2147483647;
			files = (
			);
			runOnlyForDeploymentPostprocessing = 0;
		};
/* End PBXFrameworksBuildPhase section */

/* Begin PBXGroup section */
		B62B839F260E4177009471F6 = {
			isa = PBXGroup;
			children = (
				B62B83AA260E4177009471F6 /* LogoPalette */,
				B62B83A9260E4177009471F6 /* Products */,
			);
			sourceTree = "<group>";
		};
		B62B83A9260E4177009471F6 /* Products */ = {
			isa = PBXGroup;
			children = (
				B62B83A8260E4177009471F6 /* LogoPalette.app */,
			);
			name = Products;
			sourceTree = "<group>";
		};
		B62B83AA260E4177009471F6 /* LogoPalette */ = {
			isa = PBXGroup;
			children = (
				BFBA882F260E73BF004DAA52 /* Models */,
				BFBA882D260E7370004DAA52 /* ViewController */,
				B62B83AB260E4177009471F6 /* AppDelegate.swift */,
				B62B83AD260E4177009471F6 /* SceneDelegate.swift */,
				B62B83B1260E4177009471F6 /* Main.storyboard */,
				B62B83B4260E4178009471F6 /* Assets.xcassets */,
				B62B83B6260E4178009471F6 /* LaunchScreen.storyboard */,
				B62B83B9260E4178009471F6 /* Info.plist */,
			);
			path = LogoPalette;
			sourceTree = "<group>";
		};
		BFBA882D260E7370004DAA52 /* ViewController */ = {
			isa = PBXGroup;
			children = (
				BFBA882A260E718E004DAA52 /* Screen2.swift */,
				B62B83AF260E4177009471F6 /* ViewController.swift */,
			);
			path = ViewController;
			sourceTree = "<group>";
		};
		BFBA882F260E73BF004DAA52 /* Models */ = {
			isa = PBXGroup;
			children = (
				B62B83C0260E4185009471F6 /* Inceptionv3.mlmodel */,
				B62B83C3260E4AC2009471F6 /* LogoIdentifier 1.mlmodel */,
			);
			path = Models;
			sourceTree = "<group>";
		};
/* End PBXGroup section */

/* Begin PBXNativeTarget section */
		B62B83A7260E4177009471F6 /* LogoPalette */ = {
			isa = PBXNativeTarget;
			buildConfigurationList = B62B83BC260E4178009471F6 /* Build configuration list for PBXNativeTarget "LogoPalette" */;
			buildPhases = (
				B62B83A4260E4177009471F6 /* Sources */,
				B62B83A5260E4177009471F6 /* Frameworks */,
				B62B83A6260E4177009471F6 /* Resources */,
			);
			buildRules = (
			);
			dependencies = (
			);
			name = LogoPalette;
			productName = LogoPalette;
			productReference = B62B83A8260E4177009471F6 /* LogoPalette.app */;
			productType = "com.apple.product-type.application";
		};
/* End PBXNativeTarget section */

/* Begin PBXProject section */
		B62B83A0260E4177009471F6 /* Project object */ = {
			isa = PBXProject;
			attributes = {
				LastSwiftUpdateCheck = 1240;
				LastUpgradeCheck = 1240;
				TargetAttributes = {
					B62B83A7260E4177009471F6 = {
						CreatedOnToolsVersion = 12.4;
					};
				};
			};
			buildConfigurationList = B62B83A3260E4177009471F6 /* Build configuration list for PBXProject "LogoPalette" */;
			compatibilityVersion = "Xcode 9.3";
			developmentRegion = en;
			hasScannedForEncodings = 0;
			knownRegions = (
				en,
				Base,
			);
			mainGroup = B62B839F260E4177009471F6;
			productRefGroup = B62B83A9260E4177009471F6 /* Products */;
			projectDirPath = "";
			projectRoot = "";
			targets = (
				B62B83A7260E4177009471F6 /* LogoPalette */,
			);
		};
/* End PBXProject section */

/* Begin PBXResourcesBuildPhase section */
		B62B83A6260E4177009471F6 /* Resources */ = {
			isa = PBXResourcesBuildPhase;
			buildActionMask = 2147483647;
			files = (
				B62B83B8260E4178009471F6 /* LaunchScreen.storyboard in Resources */,
				B62B83B5260E4178009471F6 /* Assets.xcassets in Resources */,
				B62B83B3260E4177009471F6 /* Main.storyboard in Resources */,
			);
			runOnlyForDeploymentPostprocessing = 0;
		};
/* End PBXResourcesBuildPhase section */

/* Begin PBXSourcesBuildPhase section */
		B62B83A4260E4177009471F6 /* Sources */ = {
			isa = PBXSourcesBuildPhase;
			buildActionMask = 2147483647;
			files = (
				BFBA882B260E718E004DAA52 /* Screen2.swift in Sources */,
				B62B83B0260E4177009471F6 /* ViewController.swift in Sources */,
				B62B83C4260E4AC2009471F6 /* LogoIdentifier 1.mlmodel in Sources */,
				B62B83C1260E4185009471F6 /* Inceptionv3.mlmodel in Sources */,
				B62B83AC260E4177009471F6 /* AppDelegate.swift in Sources */,
				B62B83AE260E4177009471F6 /* SceneDelegate.swift in Sources */,
			);
			runOnlyForDeploymentPostprocessing = 0;
		};
/* End PBXSourcesBuildPhase section */

/* Begin PBXVariantGroup section */
		B62B83B1260E4177009471F6 /* Main.storyboard */ = {
			isa = PBXVariantGroup;
			children = (
				B62B83B2260E4177009471F6 /* Base */,
			);
			name = Main.storyboard;
			sourceTree = "<group>";
		};
		B62B83B6260E4178009471F6 /* LaunchScreen.storyboard */ = {
			isa = PBXVariantGroup;
			children = (
				B62B83B7260E4178009471F6 /* Base */,
			);
			name = LaunchScreen.storyboard;
			sourceTree = "<group>";
		};
/* End PBXVariantGroup section */

/* Begin XCBuildConfiguration section */
		B62B83BA260E4178009471F6 /* Debug */ = {
			isa = XCBuildConfiguration;
			buildSettings = {
				ALWAYS_SEARCH_USER_PATHS = NO;
				CLANG_ANALYZER_NONNULL = YES;
				CLANG_ANALYZER_NUMBER_OBJECT_CONVERSION = YES_AGGRESSIVE;
				CLANG_CXX_LANGUAGE_STANDARD = "gnu++14";
				CLANG_CXX_LIBRARY = "libc++";
				CLANG_ENABLE_MODULES = YES;
				CLANG_ENABLE_OBJC_ARC = YES;
				CLANG_ENABLE_OBJC_WEAK = YES;
				CLANG_WARN_BLOCK_CAPTURE_AUTORELEASING = YES;
				CLANG_WARN_BOOL_CONVERSION = YES;
				CLANG_WARN_COMMA = YES;
				CLANG_WARN_CONSTANT_CONVERSION = YES;
				CLANG_WARN_DEPRECATED_OBJC_IMPLEMENTATIONS = YES;
				CLANG_WARN_DIRECT_OBJC_ISA_USAGE = YES_ERROR;
				CLANG_WARN_DOCUMENTATION_COMMENTS = YES;
				CLANG_WARN_EMPTY_BODY = YES;
				CLANG_WARN_ENUM_CONVERSION = YES;
				CLANG_WARN_INFINITE_RECURSION = YES;
				CLANG_WARN_INT_CONVERSION = YES;
				CLANG_WARN_NON_LITERAL_NULL_CONVERSION = YES;
				CLANG_WARN_OBJC_IMPLICIT_RETAIN_SELF = YES;
				CLANG_WARN_OBJC_LITERAL_CONVERSION = YES;
				CLANG_WARN_OBJC_ROOT_CLASS = YES_ERROR;
				CLANG_WARN_QUOTED_INCLUDE_IN_FRAMEWORK_HEADER = YES;
				CLANG_WARN_RANGE_LOOP_ANALYSIS = YES;
				CLANG_WARN_STRICT_PROTOTYPES = YES;
				CLANG_WARN_SUSPICIOUS_MOVE = YES;
				CLANG_WARN_UNGUARDED_AVAILABILITY = YES_AGGRESSIVE;
				CLANG_WARN_UNREACHABLE_CODE = YES;
				CLANG_WARN__DUPLICATE_METHOD_MATCH = YES;
				COPY_PHASE_STRIP = NO;
				DEBUG_INFORMATION_FORMAT = dwarf;
				ENABLE_STRICT_OBJC_MSGSEND = YES;
				ENABLE_TESTABILITY = YES;
				GCC_C_LANGUAGE_STANDARD = gnu11;
				GCC_DYNAMIC_NO_PIC = NO;
				GCC_NO_COMMON_BLOCKS = YES;
				GCC_OPTIMIZATION_LEVEL = 0;
				GCC_PREPROCESSOR_DEFINITIONS = (
					"DEBUG=1",
					"$(inherited)",
				);
				GCC_WARN_64_TO_32_BIT_CONVERSION = YES;
				GCC_WARN_ABOUT_RETURN_TYPE = YES_ERROR;
				GCC_WARN_UNDECLARED_SELECTOR = YES;
				GCC_WARN_UNINITIALIZED_AUTOS = YES_AGGRESSIVE;
				GCC_WARN_UNUSED_FUNCTION = YES;
				GCC_WARN_UNUSED_VARIABLE = YES;
				IPHONEOS_DEPLOYMENT_TARGET = 14.4;
				MTL_ENABLE_DEBUG_INFO = INCLUDE_SOURCE;
				MTL_FAST_MATH = YES;
				ONLY_ACTIVE_ARCH = YES;
				SDKROOT = iphoneos;
				SWIFT_ACTIVE_COMPILATION_CONDITIONS = DEBUG;
				SWIFT_OPTIMIZATION_LEVEL = "-Onone";
			};
			name = Debug;
		};
		B62B83BB260E4178009471F6 /* Release */ = {
			isa = XCBuildConfiguration;
			buildSettings = {
				ALWAYS_SEARCH_USER_PATHS = NO;
				CLANG_ANALYZER_NONNULL = YES;
				CLANG_ANALYZER_NUMBER_OBJECT_CONVERSION = YES_AGGRESSIVE;
				CLANG_CXX_LANGUAGE_STANDARD = "gnu++14";
				CLANG_CXX_LIBRARY = "libc++";
				CLANG_ENABLE_MODULES = YES;
				CLANG_ENABLE_OBJC_ARC = YES;
				CLANG_ENABLE_OBJC_WEAK = YES;
				CLANG_WARN_BLOCK_CAPTURE_AUTORELEASING = YES;
				CLANG_WARN_BOOL_CONVERSION = YES;
				CLANG_WARN_COMMA = YES;
				CLANG_WARN_CONSTANT_CONVERSION = YES;
				CLANG_WARN_DEPRECATED_OBJC_IMPLEMENTATIONS = YES;
				CLANG_WARN_DIRECT_OBJC_ISA_USAGE = YES_ERROR;
				CLANG_WARN_DOCUMENTATION_COMMENTS = YES;
				CLANG_WARN_EMPTY_BODY = YES;
				CLANG_WARN_ENUM_CONVERSION = YES;
				CLANG_WARN_INFINITE_RECURSION = YES;
				CLANG_WARN_INT_CONVERSION = YES;
				CLANG_WARN_NON_LITERAL_NULL_CONVERSION = YES;
				CLANG_WARN_OBJC_IMPLICIT_RETAIN_SELF = YES;
				CLANG_WARN_OBJC_LITERAL_CONVERSION = YES;
				CLANG_WARN_OBJC_ROOT_CLASS = YES_ERROR;
				CLANG_WARN_QUOTED_INCLUDE_IN_FRAMEWORK_HEADER = YES;
				CLANG_WARN_RANGE_LOOP_ANALYSIS = YES;
				CLANG_WARN_STRICT_PROTOTYPES = YES;
				CLANG_WARN_SUSPICIOUS_MOVE = YES;
				CLANG_WARN_UNGUARDED_AVAILABILITY = YES_AGGRESSIVE;
				CLANG_WARN_UNREACHABLE_CODE = YES;
				CLANG_WARN__DUPLICATE_METHOD_MATCH = YES;
				COPY_PHASE_STRIP = NO;
				DEBUG_INFORMATION_FORMAT = "dwarf-with-dsym";
				ENABLE_NS_ASSERTIONS = NO;
				ENABLE_STRICT_OBJC_MSGSEND = YES;
				GCC_C_LANGUAGE_STANDARD = gnu11;
				GCC_NO_COMMON_BLOCKS = YES;
				GCC_WARN_64_TO_32_BIT_CONVERSION = YES;
				GCC_WARN_ABOUT_RETURN_TYPE = YES_ERROR;
				GCC_WARN_UNDECLARED_SELECTOR = YES;
				GCC_WARN_UNINITIALIZED_AUTOS = YES_AGGRESSIVE;
				GCC_WARN_UNUSED_FUNCTION = YES;
				GCC_WARN_UNUSED_VARIABLE = YES;
				IPHONEOS_DEPLOYMENT_TARGET = 14.4;
				MTL_ENABLE_DEBUG_INFO = NO;
				MTL_FAST_MATH = YES;
				SDKROOT = iphoneos;
				SWIFT_COMPILATION_MODE = wholemodule;
				SWIFT_OPTIMIZATION_LEVEL = "-O";
				VALIDATE_PRODUCT = YES;
			};
			name = Release;
		};
		B62B83BD260E4178009471F6 /* Debug */ = {
			isa = XCBuildConfiguration;
			buildSettings = {
				ASSETCATALOG_COMPILER_APPICON_NAME = AppIcon;
				ASSETCATALOG_COMPILER_GLOBAL_ACCENT_COLOR_NAME = AccentColor;
				CODE_SIGN_STYLE = Automatic;
				DEVELOPMENT_TEAM = T9FTTFQ5LM;
				INFOPLIST_FILE = LogoPalette/Info.plist;
				LD_RUNPATH_SEARCH_PATHS = (
					"$(inherited)",
					"@executable_path/Frameworks",
				);
				PRODUCT_BUNDLE_IDENTIFIER = com.dhrumil.LogoPalette;
				PRODUCT_NAME = "$(TARGET_NAME)";
				SWIFT_VERSION = 5.0;
				TARGETED_DEVICE_FAMILY = "1,2";
			};
			name = Debug;
		};
		B62B83BE260E4178009471F6 /* Release */ = {
			isa = XCBuildConfiguration;
			buildSettings = {
				ASSETCATALOG_COMPILER_APPICON_NAME = AppIcon;
				ASSETCATALOG_COMPILER_GLOBAL_ACCENT_COLOR_NAME = AccentColor;
				CODE_SIGN_STYLE = Automatic;
				DEVELOPMENT_TEAM = T9FTTFQ5LM;
				INFOPLIST_FILE = LogoPalette/Info.plist;
				LD_RUNPATH_SEARCH_PATHS = (
					"$(inherited)",
					"@executable_path/Frameworks",
				);
				PRODUCT_BUNDLE_IDENTIFIER = com.dhrumil.LogoPalette;
				PRODUCT_NAME = "$(TARGET_NAME)";
				SWIFT_VERSION = 5.0;
				TARGETED_DEVICE_FAMILY = "1,2";
			};
			name = Release;
		};
/* End XCBuildConfiguration section */

/* Begin XCConfigurationList section */
		B62B83A3260E4177009471F6 /* Build configuration list for PBXProject "LogoPalette" */ = {
			isa = XCConfigurationList;
			buildConfigurations = (
				B62B83BA260E4178009471F6 /* Debug */,
				B62B83BB260E4178009471F6 /* Release */,
			);
			defaultConfigurationIsVisible = 0;
			defaultConfigurationName = Release;
		};
		B62B83BC260E4178009471F6 /* Build configuration list for PBXNativeTarget "LogoPalette" */ = {
			isa = XCConfigurationList;
			buildConfigurations = (
				B62B83BD260E4178009471F6 /* Debug */,
				B62B83BE260E4178009471F6 /* Release */,
			);
			defaultConfigurationIsVisible = 0;
			defaultConfigurationName = Release;
		};
/* End XCConfigurationList section */
	};
	rootObject = B62B83A0260E4177009471F6 /* Project object */;
}
